
Microsoft Visual Studio Solution File, Format Version 12.00
# Visual Studio Version 16
VisualStudioVersion = 16.0.29519.87
MinimumVisualStudioVersion = 10.0.40219.1
Project("{FAE04EC0-301F-11D3-BF4B-00C04F79EFBC}") = "TamSayıBoleniBulmaVeToplama", "TamSayıBoleniBulmaVeToplama\TamSayıBoleniBulmaVeToplama.csproj", "{5252A624-9EF7-43BB-AB8D-E86C1BC2295A}"
EndProject
Global
	GlobalSection(SolutionConfigurationPlatforms) = preSolution
		Debug|Any CPU = Debug|Any CPU
		Release|Any CPU = Release|Any CPU
	EndGlobalSection
	GlobalSection(ProjectConfigurationPlatforms) = postSolution
		{5252A624-9EF7-43BB-AB8D-E86C1BC2295A}.Debug|Any CPU.ActiveCfg = Debug|Any CPU
		{5252A624-9EF7-43BB-AB8D-E86C1BC2295A}.Debug|Any CPU.Build.0 = Debug|Any CPU
		{5252A624-9EF7-43BB-AB8D-E86C1BC2295A}.Release|Any CPU.ActiveCfg = Release|Any CPU
		{5252A624-9EF7-43BB-AB8D-E86C1BC2295A}.Release|Any CPU.Build.0 = Release|Any CPU
	EndGlobalSection
	GlobalSection(SolutionProperties) = preSolution
		HideSolutionNode = FALSE
	EndGlobalSection
	GlobalSection(ExtensibilityGlobals) = postSolution
		SolutionGuid = {B3E52E25-2695-4F81-8A94-4267CCE654CF}
	EndGlobalSection
EndGlobal
