
Microsoft Visual Studio Solution File, Format Version 12.00
# Visual Studio Version 16
VisualStudioVersion = 16.0.29519.87
MinimumVisualStudioVersion = 10.0.40219.1
Project("{FAE04EC0-301F-11D3-BF4B-00C04F79EFBC}") = "ButHazirlik-RastgeleSayi", "ButHazirlik-SayiTahmin\ButHazirlik-RastgeleSayi.csproj", "{281D53D2-3A4C-42D8-8D32-97DE91CC7C48}"
EndProject
Global
	GlobalSection(SolutionConfigurationPlatforms) = preSolution
		Debug|Any CPU = Debug|Any CPU
		Release|Any CPU = Release|Any CPU
	EndGlobalSection
	GlobalSection(ProjectConfigurationPlatforms) = postSolution
		{281D53D2-3A4C-42D8-8D32-97DE91CC7C48}.Debug|Any CPU.ActiveCfg = Debug|Any CPU
		{281D53D2-3A4C-42D8-8D32-97DE91CC7C48}.Debug|Any CPU.Build.0 = Debug|Any CPU
		{281D53D2-3A4C-42D8-8D32-97DE91CC7C48}.Release|Any CPU.ActiveCfg = Release|Any CPU
		{281D53D2-3A4C-42D8-8D32-97DE91CC7C48}.Release|Any CPU.Build.0 = Release|Any CPU
	EndGlobalSection
	GlobalSection(SolutionProperties) = preSolution
		HideSolutionNode = FALSE
	EndGlobalSection
	GlobalSection(ExtensibilityGlobals) = postSolution
		SolutionGuid = {E14BE440-03F2-4773-8673-C5F894516C3B}
	EndGlobalSection
EndGlobal
