
Microsoft Visual Studio Solution File, Format Version 12.00
# Visual Studio Version 16
VisualStudioVersion = 16.0.29519.87
MinimumVisualStudioVersion = 10.0.40219.1
Project("{FAE04EC0-301F-11D3-BF4B-00C04F79EFBC}") = "ButHazirlik", "ButHazirlik\ButHazirlik.csproj", "{C29C664C-0E85-4F55-AFC0-A27B0B2F6105}"
EndProject
Global
	GlobalSection(SolutionConfigurationPlatforms) = preSolution
		Debug|Any CPU = Debug|Any CPU
		Release|Any CPU = Release|Any CPU
	EndGlobalSection
	GlobalSection(ProjectConfigurationPlatforms) = postSolution
		{C29C664C-0E85-4F55-AFC0-A27B0B2F6105}.Debug|Any CPU.ActiveCfg = Debug|Any CPU
		{C29C664C-0E85-4F55-AFC0-A27B0B2F6105}.Debug|Any CPU.Build.0 = Debug|Any CPU
		{C29C664C-0E85-4F55-AFC0-A27B0B2F6105}.Release|Any CPU.ActiveCfg = Release|Any CPU
		{C29C664C-0E85-4F55-AFC0-A27B0B2F6105}.Release|Any CPU.Build.0 = Release|Any CPU
	EndGlobalSection
	GlobalSection(SolutionProperties) = preSolution
		HideSolutionNode = FALSE
	EndGlobalSection
	GlobalSection(ExtensibilityGlobals) = postSolution
		SolutionGuid = {A14BC1F3-CDBF-47A7-B57E-63CA67E49032}
	EndGlobalSection
EndGlobal
