
Microsoft Visual Studio Solution File, Format Version 12.00
# Visual Studio Version 16
VisualStudioVersion = 16.0.29519.87
MinimumVisualStudioVersion = 10.0.40219.1
Project("{FAE04EC0-301F-11D3-BF4B-00C04F79EFBC}") = "ClassOrnegi", "ClassOrnegi\ClassOrnegi.csproj", "{EE8C933D-9CF5-4BF5-8C76-F6A2A16C24BF}"
EndProject
Global
	GlobalSection(SolutionConfigurationPlatforms) = preSolution
		Debug|Any CPU = Debug|Any CPU
		Release|Any CPU = Release|Any CPU
	EndGlobalSection
	GlobalSection(ProjectConfigurationPlatforms) = postSolution
		{EE8C933D-9CF5-4BF5-8C76-F6A2A16C24BF}.Debug|Any CPU.ActiveCfg = Debug|Any CPU
		{EE8C933D-9CF5-4BF5-8C76-F6A2A16C24BF}.Debug|Any CPU.Build.0 = Debug|Any CPU
		{EE8C933D-9CF5-4BF5-8C76-F6A2A16C24BF}.Release|Any CPU.ActiveCfg = Release|Any CPU
		{EE8C933D-9CF5-4BF5-8C76-F6A2A16C24BF}.Release|Any CPU.Build.0 = Release|Any CPU
	EndGlobalSection
	GlobalSection(SolutionProperties) = preSolution
		HideSolutionNode = FALSE
	EndGlobalSection
	GlobalSection(ExtensibilityGlobals) = postSolution
		SolutionGuid = {003C4C55-C303-40D7-8C86-E63290528C3D}
	EndGlobalSection
EndGlobal
