
Microsoft Visual Studio Solution File, Format Version 12.00
# Visual Studio Version 16
VisualStudioVersion = 16.0.29920.165
MinimumVisualStudioVersion = 10.0.40219.1
Project("{FAE04EC0-301F-11D3-BF4B-00C04F79EFBC}") = "Veritabani-Tablo-Alan-Ekleme", "Veritabani-Tablo-Alan-Ekleme\Veritabani-Tablo-Alan-Ekleme.csproj", "{9FBDF734-084C-49A5-A475-7BAA46F801B5}"
EndProject
Global
	GlobalSection(SolutionConfigurationPlatforms) = preSolution
		Debug|Any CPU = Debug|Any CPU
		Release|Any CPU = Release|Any CPU
	EndGlobalSection
	GlobalSection(ProjectConfigurationPlatforms) = postSolution
		{9FBDF734-084C-49A5-A475-7BAA46F801B5}.Debug|Any CPU.ActiveCfg = Debug|Any CPU
		{9FBDF734-084C-49A5-A475-7BAA46F801B5}.Debug|Any CPU.Build.0 = Debug|Any CPU
		{9FBDF734-084C-49A5-A475-7BAA46F801B5}.Release|Any CPU.ActiveCfg = Release|Any CPU
		{9FBDF734-084C-49A5-A475-7BAA46F801B5}.Release|Any CPU.Build.0 = Release|Any CPU
	EndGlobalSection
	GlobalSection(SolutionProperties) = preSolution
		HideSolutionNode = FALSE
	EndGlobalSection
	GlobalSection(ExtensibilityGlobals) = postSolution
		SolutionGuid = {42DEE547-6905-45F3-8455-734B6A2DE721}
	EndGlobalSection
EndGlobal
