
Microsoft Visual Studio Solution File, Format Version 12.00
# Visual Studio Version 16
VisualStudioVersion = 16.0.29519.87
MinimumVisualStudioVersion = 10.0.40219.1
Project("{FAE04EC0-301F-11D3-BF4B-00C04F79EFBC}") = "ButHazirlik-DiziSıralama", "ButHazirlik-DiziSıralama\ButHazirlik-DiziSıralama.csproj", "{EF7C9F8E-B225-4FA3-8295-3AE2712F883D}"
EndProject
Global
	GlobalSection(SolutionConfigurationPlatforms) = preSolution
		Debug|Any CPU = Debug|Any CPU
		Release|Any CPU = Release|Any CPU
	EndGlobalSection
	GlobalSection(ProjectConfigurationPlatforms) = postSolution
		{EF7C9F8E-B225-4FA3-8295-3AE2712F883D}.Debug|Any CPU.ActiveCfg = Debug|Any CPU
		{EF7C9F8E-B225-4FA3-8295-3AE2712F883D}.Debug|Any CPU.Build.0 = Debug|Any CPU
		{EF7C9F8E-B225-4FA3-8295-3AE2712F883D}.Release|Any CPU.ActiveCfg = Release|Any CPU
		{EF7C9F8E-B225-4FA3-8295-3AE2712F883D}.Release|Any CPU.Build.0 = Release|Any CPU
	EndGlobalSection
	GlobalSection(SolutionProperties) = preSolution
		HideSolutionNode = FALSE
	EndGlobalSection
	GlobalSection(ExtensibilityGlobals) = postSolution
		SolutionGuid = {4649F183-4FED-43D7-967B-22616F2FBBC5}
	EndGlobalSection
EndGlobal
