
Microsoft Visual Studio Solution File, Format Version 12.00
# Visual Studio Version 16
VisualStudioVersion = 16.0.29519.87
MinimumVisualStudioVersion = 10.0.40219.1
Project("{FAE04EC0-301F-11D3-BF4B-00C04F79EFBC}") = "Dizi-Foreach Uygulamasi", "Dizi-Foreach Uygulamasi\Dizi-Foreach Uygulamasi.csproj", "{1799D35A-C49E-4662-85E7-917C5C110151}"
EndProject
Global
	GlobalSection(SolutionConfigurationPlatforms) = preSolution
		Debug|Any CPU = Debug|Any CPU
		Release|Any CPU = Release|Any CPU
	EndGlobalSection
	GlobalSection(ProjectConfigurationPlatforms) = postSolution
		{1799D35A-C49E-4662-85E7-917C5C110151}.Debug|Any CPU.ActiveCfg = Debug|Any CPU
		{1799D35A-C49E-4662-85E7-917C5C110151}.Debug|Any CPU.Build.0 = Debug|Any CPU
		{1799D35A-C49E-4662-85E7-917C5C110151}.Release|Any CPU.ActiveCfg = Release|Any CPU
		{1799D35A-C49E-4662-85E7-917C5C110151}.Release|Any CPU.Build.0 = Release|Any CPU
	EndGlobalSection
	GlobalSection(SolutionProperties) = preSolution
		HideSolutionNode = FALSE
	EndGlobalSection
	GlobalSection(ExtensibilityGlobals) = postSolution
		SolutionGuid = {DB596284-3928-4EB1-8FAB-F6CAB8CA9F70}
	EndGlobalSection
EndGlobal
