
Microsoft Visual Studio Solution File, Format Version 12.00
# Visual Studio Version 16
VisualStudioVersion = 16.0.29519.87
MinimumVisualStudioVersion = 10.0.40219.1
Project("{FAE04EC0-301F-11D3-BF4B-00C04F79EFBC}") = "BiletYolcuBilgiler", "BiletYolcuBilgiler\BiletYolcuBilgiler.csproj", "{ED0CB281-21EA-44BC-A141-175AB4C6E445}"
EndProject
Global
	GlobalSection(SolutionConfigurationPlatforms) = preSolution
		Debug|Any CPU = Debug|Any CPU
		Release|Any CPU = Release|Any CPU
	EndGlobalSection
	GlobalSection(ProjectConfigurationPlatforms) = postSolution
		{ED0CB281-21EA-44BC-A141-175AB4C6E445}.Debug|Any CPU.ActiveCfg = Debug|Any CPU
		{ED0CB281-21EA-44BC-A141-175AB4C6E445}.Debug|Any CPU.Build.0 = Debug|Any CPU
		{ED0CB281-21EA-44BC-A141-175AB4C6E445}.Release|Any CPU.ActiveCfg = Release|Any CPU
		{ED0CB281-21EA-44BC-A141-175AB4C6E445}.Release|Any CPU.Build.0 = Release|Any CPU
	EndGlobalSection
	GlobalSection(SolutionProperties) = preSolution
		HideSolutionNode = FALSE
	EndGlobalSection
	GlobalSection(ExtensibilityGlobals) = postSolution
		SolutionGuid = {5EDBB6A2-B0F1-4DC0-88CB-ADE7B65A8F21}
	EndGlobalSection
EndGlobal
