
Microsoft Visual Studio Solution File, Format Version 12.00
# Visual Studio Version 16
VisualStudioVersion = 16.0.29519.87
MinimumVisualStudioVersion = 10.0.40219.1
Project("{FAE04EC0-301F-11D3-BF4B-00C04F79EFBC}") = "ButHazirlik-IcIceIfOrnekleri", "ButHazirlik-IcIceIfOrnekleri\ButHazirlik-IcIceIfOrnekleri.csproj", "{B1CBB3EE-A57E-4E4A-BE80-17CFD9D93C57}"
EndProject
Global
	GlobalSection(SolutionConfigurationPlatforms) = preSolution
		Debug|Any CPU = Debug|Any CPU
		Release|Any CPU = Release|Any CPU
	EndGlobalSection
	GlobalSection(ProjectConfigurationPlatforms) = postSolution
		{B1CBB3EE-A57E-4E4A-BE80-17CFD9D93C57}.Debug|Any CPU.ActiveCfg = Debug|Any CPU
		{B1CBB3EE-A57E-4E4A-BE80-17CFD9D93C57}.Debug|Any CPU.Build.0 = Debug|Any CPU
		{B1CBB3EE-A57E-4E4A-BE80-17CFD9D93C57}.Release|Any CPU.ActiveCfg = Release|Any CPU
		{B1CBB3EE-A57E-4E4A-BE80-17CFD9D93C57}.Release|Any CPU.Build.0 = Release|Any CPU
	EndGlobalSection
	GlobalSection(SolutionProperties) = preSolution
		HideSolutionNode = FALSE
	EndGlobalSection
	GlobalSection(ExtensibilityGlobals) = postSolution
		SolutionGuid = {7ACF900F-99E9-481A-A97A-4A999DB2E3EC}
	EndGlobalSection
EndGlobal
