
Microsoft Visual Studio Solution File, Format Version 12.00
# Visual Studio Version 16
VisualStudioVersion = 16.0.29519.87
MinimumVisualStudioVersion = 10.0.40219.1
Project("{FAE04EC0-301F-11D3-BF4B-00C04F79EFBC}") = "KlavyeKontrolu", "KlavyeKontrolu\KlavyeKontrolu.csproj", "{FEE1440D-ED35-44B8-B5E7-1A5863A395EC}"
EndProject
Global
	GlobalSection(SolutionConfigurationPlatforms) = preSolution
		Debug|Any CPU = Debug|Any CPU
		Release|Any CPU = Release|Any CPU
	EndGlobalSection
	GlobalSection(ProjectConfigurationPlatforms) = postSolution
		{FEE1440D-ED35-44B8-B5E7-1A5863A395EC}.Debug|Any CPU.ActiveCfg = Debug|Any CPU
		{FEE1440D-ED35-44B8-B5E7-1A5863A395EC}.Debug|Any CPU.Build.0 = Debug|Any CPU
		{FEE1440D-ED35-44B8-B5E7-1A5863A395EC}.Release|Any CPU.ActiveCfg = Release|Any CPU
		{FEE1440D-ED35-44B8-B5E7-1A5863A395EC}.Release|Any CPU.Build.0 = Release|Any CPU
	EndGlobalSection
	GlobalSection(SolutionProperties) = preSolution
		HideSolutionNode = FALSE
	EndGlobalSection
	GlobalSection(ExtensibilityGlobals) = postSolution
		SolutionGuid = {58022243-D0BB-4E0A-A907-DCDE3BBB84CE}
	EndGlobalSection
EndGlobal
