
Microsoft Visual Studio Solution File, Format Version 12.00
# Visual Studio Version 16
VisualStudioVersion = 16.0.29519.87
MinimumVisualStudioVersion = 10.0.40219.1
Project("{FAE04EC0-301F-11D3-BF4B-00C04F79EFBC}") = "FinalHazirlik6", "FinalHazirlik6\FinalHazirlik6.csproj", "{C359CB60-B8CD-4A13-B48B-EDE26A849700}"
EndProject
Global
	GlobalSection(SolutionConfigurationPlatforms) = preSolution
		Debug|Any CPU = Debug|Any CPU
		Release|Any CPU = Release|Any CPU
	EndGlobalSection
	GlobalSection(ProjectConfigurationPlatforms) = postSolution
		{C359CB60-B8CD-4A13-B48B-EDE26A849700}.Debug|Any CPU.ActiveCfg = Debug|Any CPU
		{C359CB60-B8CD-4A13-B48B-EDE26A849700}.Debug|Any CPU.Build.0 = Debug|Any CPU
		{C359CB60-B8CD-4A13-B48B-EDE26A849700}.Release|Any CPU.ActiveCfg = Release|Any CPU
		{C359CB60-B8CD-4A13-B48B-EDE26A849700}.Release|Any CPU.Build.0 = Release|Any CPU
	EndGlobalSection
	GlobalSection(SolutionProperties) = preSolution
		HideSolutionNode = FALSE
	EndGlobalSection
	GlobalSection(ExtensibilityGlobals) = postSolution
		SolutionGuid = {3D2EB73D-B9F2-4688-B463-7EF6307C96DE}
	EndGlobalSection
EndGlobal
