
Microsoft Visual Studio Solution File, Format Version 12.00
# Visual Studio Version 16
VisualStudioVersion = 16.0.29519.87
MinimumVisualStudioVersion = 10.0.40219.1
Project("{FAE04EC0-301F-11D3-BF4B-00C04F79EFBC}") = "MukemmelSayi", "MukemmelSayi\MukemmelSayi.csproj", "{9A64E344-13EE-4ECD-984C-9092A490C49B}"
EndProject
Global
	GlobalSection(SolutionConfigurationPlatforms) = preSolution
		Debug|Any CPU = Debug|Any CPU
		Release|Any CPU = Release|Any CPU
	EndGlobalSection
	GlobalSection(ProjectConfigurationPlatforms) = postSolution
		{9A64E344-13EE-4ECD-984C-9092A490C49B}.Debug|Any CPU.ActiveCfg = Debug|Any CPU
		{9A64E344-13EE-4ECD-984C-9092A490C49B}.Debug|Any CPU.Build.0 = Debug|Any CPU
		{9A64E344-13EE-4ECD-984C-9092A490C49B}.Release|Any CPU.ActiveCfg = Release|Any CPU
		{9A64E344-13EE-4ECD-984C-9092A490C49B}.Release|Any CPU.Build.0 = Release|Any CPU
	EndGlobalSection
	GlobalSection(SolutionProperties) = preSolution
		HideSolutionNode = FALSE
	EndGlobalSection
	GlobalSection(ExtensibilityGlobals) = postSolution
		SolutionGuid = {F3CCAC39-FB49-4197-B156-D6E6F744858F}
	EndGlobalSection
EndGlobal
