
Microsoft Visual Studio Solution File, Format Version 12.00
# Visual Studio Version 16
VisualStudioVersion = 16.0.29519.87
MinimumVisualStudioVersion = 10.0.40219.1
Project("{FAE04EC0-301F-11D3-BF4B-00C04F79EFBC}") = "FinalHazirlik1", "FinalHazirlik1\FinalHazirlik1.csproj", "{EF25EE7D-D700-4A73-9BF3-EEECE3F377C6}"
EndProject
Global
	GlobalSection(SolutionConfigurationPlatforms) = preSolution
		Debug|Any CPU = Debug|Any CPU
		Release|Any CPU = Release|Any CPU
	EndGlobalSection
	GlobalSection(ProjectConfigurationPlatforms) = postSolution
		{EF25EE7D-D700-4A73-9BF3-EEECE3F377C6}.Debug|Any CPU.ActiveCfg = Debug|Any CPU
		{EF25EE7D-D700-4A73-9BF3-EEECE3F377C6}.Debug|Any CPU.Build.0 = Debug|Any CPU
		{EF25EE7D-D700-4A73-9BF3-EEECE3F377C6}.Release|Any CPU.ActiveCfg = Release|Any CPU
		{EF25EE7D-D700-4A73-9BF3-EEECE3F377C6}.Release|Any CPU.Build.0 = Release|Any CPU
	EndGlobalSection
	GlobalSection(SolutionProperties) = preSolution
		HideSolutionNode = FALSE
	EndGlobalSection
	GlobalSection(ExtensibilityGlobals) = postSolution
		SolutionGuid = {33C55A7F-9FDF-4D1A-8183-DCC6C86E9531}
	EndGlobalSection
EndGlobal
