
Microsoft Visual Studio Solution File, Format Version 12.00
# Visual Studio Version 16
VisualStudioVersion = 16.0.29519.87
MinimumVisualStudioVersion = 10.0.40219.1
Project("{FAE04EC0-301F-11D3-BF4B-00C04F79EFBC}") = "PsikolojikAnalizTesti", "PsikolojikAnalizTesti\PsikolojikAnalizTesti.csproj", "{D0D3E27F-9322-460D-8772-581F0320942C}"
EndProject
Global
	GlobalSection(SolutionConfigurationPlatforms) = preSolution
		Debug|Any CPU = Debug|Any CPU
		Release|Any CPU = Release|Any CPU
	EndGlobalSection
	GlobalSection(ProjectConfigurationPlatforms) = postSolution
		{D0D3E27F-9322-460D-8772-581F0320942C}.Debug|Any CPU.ActiveCfg = Debug|Any CPU
		{D0D3E27F-9322-460D-8772-581F0320942C}.Debug|Any CPU.Build.0 = Debug|Any CPU
		{D0D3E27F-9322-460D-8772-581F0320942C}.Release|Any CPU.ActiveCfg = Release|Any CPU
		{D0D3E27F-9322-460D-8772-581F0320942C}.Release|Any CPU.Build.0 = Release|Any CPU
	EndGlobalSection
	GlobalSection(SolutionProperties) = preSolution
		HideSolutionNode = FALSE
	EndGlobalSection
	GlobalSection(ExtensibilityGlobals) = postSolution
		SolutionGuid = {F09CBD91-1643-45E9-91DD-A881780BF006}
	EndGlobalSection
EndGlobal
