
Microsoft Visual Studio Solution File, Format Version 12.00
# Visual Studio Version 16
VisualStudioVersion = 16.0.29519.87
MinimumVisualStudioVersion = 10.0.40219.1
Project("{FAE04EC0-301F-11D3-BF4B-00C04F79EFBC}") = "LabirentOyunu", "LabirentOyunu\LabirentOyunu.csproj", "{FA8F1B40-410F-43ED-AE08-AC7D14B870FF}"
EndProject
Global
	GlobalSection(SolutionConfigurationPlatforms) = preSolution
		Debug|Any CPU = Debug|Any CPU
		Release|Any CPU = Release|Any CPU
	EndGlobalSection
	GlobalSection(ProjectConfigurationPlatforms) = postSolution
		{FA8F1B40-410F-43ED-AE08-AC7D14B870FF}.Debug|Any CPU.ActiveCfg = Debug|Any CPU
		{FA8F1B40-410F-43ED-AE08-AC7D14B870FF}.Debug|Any CPU.Build.0 = Debug|Any CPU
		{FA8F1B40-410F-43ED-AE08-AC7D14B870FF}.Release|Any CPU.ActiveCfg = Release|Any CPU
		{FA8F1B40-410F-43ED-AE08-AC7D14B870FF}.Release|Any CPU.Build.0 = Release|Any CPU
	EndGlobalSection
	GlobalSection(SolutionProperties) = preSolution
		HideSolutionNode = FALSE
	EndGlobalSection
	GlobalSection(ExtensibilityGlobals) = postSolution
		SolutionGuid = {11EB9412-7A90-4AB8-BD30-17187DDFEAF2}
	EndGlobalSection
EndGlobal
