
Microsoft Visual Studio Solution File, Format Version 12.00
# Visual Studio Version 16
VisualStudioVersion = 16.0.29920.165
MinimumVisualStudioVersion = 10.0.40219.1
Project("{FAE04EC0-301F-11D3-BF4B-00C04F79EFBC}") = "VizeHazirlik", "VizeHazirlik\VizeHazirlik.csproj", "{3718705F-544A-411E-A060-2AA7DFE6C4C5}"
EndProject
Global
	GlobalSection(SolutionConfigurationPlatforms) = preSolution
		Debug|Any CPU = Debug|Any CPU
		Release|Any CPU = Release|Any CPU
	EndGlobalSection
	GlobalSection(ProjectConfigurationPlatforms) = postSolution
		{3718705F-544A-411E-A060-2AA7DFE6C4C5}.Debug|Any CPU.ActiveCfg = Debug|Any CPU
		{3718705F-544A-411E-A060-2AA7DFE6C4C5}.Debug|Any CPU.Build.0 = Debug|Any CPU
		{3718705F-544A-411E-A060-2AA7DFE6C4C5}.Release|Any CPU.ActiveCfg = Release|Any CPU
		{3718705F-544A-411E-A060-2AA7DFE6C4C5}.Release|Any CPU.Build.0 = Release|Any CPU
	EndGlobalSection
	GlobalSection(SolutionProperties) = preSolution
		HideSolutionNode = FALSE
	EndGlobalSection
	GlobalSection(ExtensibilityGlobals) = postSolution
		SolutionGuid = {63E8716D-7E18-4635-9607-48DC472750DA}
	EndGlobalSection
EndGlobal
