
Microsoft Visual Studio Solution File, Format Version 12.00
# Visual Studio Version 16
VisualStudioVersion = 16.0.29519.87
MinimumVisualStudioVersion = 10.0.40219.1
Project("{FAE04EC0-301F-11D3-BF4B-00C04F79EFBC}") = "FinalHazirlik3", "FinalHazirlil3\FinalHazirlik3.csproj", "{07D0C6C1-BF35-4AF9-9DA6-989BC28E3E14}"
EndProject
Global
	GlobalSection(SolutionConfigurationPlatforms) = preSolution
		Debug|Any CPU = Debug|Any CPU
		Release|Any CPU = Release|Any CPU
	EndGlobalSection
	GlobalSection(ProjectConfigurationPlatforms) = postSolution
		{07D0C6C1-BF35-4AF9-9DA6-989BC28E3E14}.Debug|Any CPU.ActiveCfg = Debug|Any CPU
		{07D0C6C1-BF35-4AF9-9DA6-989BC28E3E14}.Debug|Any CPU.Build.0 = Debug|Any CPU
		{07D0C6C1-BF35-4AF9-9DA6-989BC28E3E14}.Release|Any CPU.ActiveCfg = Release|Any CPU
		{07D0C6C1-BF35-4AF9-9DA6-989BC28E3E14}.Release|Any CPU.Build.0 = Release|Any CPU
	EndGlobalSection
	GlobalSection(SolutionProperties) = preSolution
		HideSolutionNode = FALSE
	EndGlobalSection
	GlobalSection(ExtensibilityGlobals) = postSolution
		SolutionGuid = {4BFD7A38-346F-4CBF-8B4A-61C7AC735FDB}
	EndGlobalSection
EndGlobal
