
Microsoft Visual Studio Solution File, Format Version 12.00
# Visual Studio Version 16
VisualStudioVersion = 16.0.29920.165
MinimumVisualStudioVersion = 10.0.40219.1
Project("{FAE04EC0-301F-11D3-BF4B-00C04F79EFBC}") = "GeceProje", "GeceProje\GeceProje.csproj", "{217271BC-685A-4EA1-A3BE-E8AB80F2C5AE}"
EndProject
Global
	GlobalSection(SolutionConfigurationPlatforms) = preSolution
		Debug|Any CPU = Debug|Any CPU
		Release|Any CPU = Release|Any CPU
	EndGlobalSection
	GlobalSection(ProjectConfigurationPlatforms) = postSolution
		{217271BC-685A-4EA1-A3BE-E8AB80F2C5AE}.Debug|Any CPU.ActiveCfg = Debug|Any CPU
		{217271BC-685A-4EA1-A3BE-E8AB80F2C5AE}.Debug|Any CPU.Build.0 = Debug|Any CPU
		{217271BC-685A-4EA1-A3BE-E8AB80F2C5AE}.Release|Any CPU.ActiveCfg = Release|Any CPU
		{217271BC-685A-4EA1-A3BE-E8AB80F2C5AE}.Release|Any CPU.Build.0 = Release|Any CPU
	EndGlobalSection
	GlobalSection(SolutionProperties) = preSolution
		HideSolutionNode = FALSE
	EndGlobalSection
	GlobalSection(ExtensibilityGlobals) = postSolution
		SolutionGuid = {72A5D856-259F-4C93-9CC4-647133D70CB6}
	EndGlobalSection
EndGlobal
