
Microsoft Visual Studio Solution File, Format Version 12.00
# Visual Studio Version 16
VisualStudioVersion = 16.0.29519.87
MinimumVisualStudioVersion = 10.0.40219.1
Project("{FAE04EC0-301F-11D3-BF4B-00C04F79EFBC}") = "OyunServer", "OyunServer\OyunServer.csproj", "{F8382E1C-0143-406F-BFA7-4365925459C2}"
EndProject
Global
	GlobalSection(SolutionConfigurationPlatforms) = preSolution
		Debug|Any CPU = Debug|Any CPU
		Release|Any CPU = Release|Any CPU
	EndGlobalSection
	GlobalSection(ProjectConfigurationPlatforms) = postSolution
		{F8382E1C-0143-406F-BFA7-4365925459C2}.Debug|Any CPU.ActiveCfg = Debug|Any CPU
		{F8382E1C-0143-406F-BFA7-4365925459C2}.Debug|Any CPU.Build.0 = Debug|Any CPU
		{F8382E1C-0143-406F-BFA7-4365925459C2}.Release|Any CPU.ActiveCfg = Release|Any CPU
		{F8382E1C-0143-406F-BFA7-4365925459C2}.Release|Any CPU.Build.0 = Release|Any CPU
	EndGlobalSection
	GlobalSection(SolutionProperties) = preSolution
		HideSolutionNode = FALSE
	EndGlobalSection
	GlobalSection(ExtensibilityGlobals) = postSolution
		SolutionGuid = {2F72154C-211D-4A79-9612-7B0D1237CBC0}
	EndGlobalSection
EndGlobal
