
Microsoft Visual Studio Solution File, Format Version 12.00
# Visual Studio Version 16
VisualStudioVersion = 16.0.29519.87
MinimumVisualStudioVersion = 10.0.40219.1
Project("{FAE04EC0-301F-11D3-BF4B-00C04F79EFBC}") = "ButHazirlik-IcIceForOrnekleri", "ButHazirlik-IcIceForOrnekleri\ButHazirlik-IcIceForOrnekleri.csproj", "{CA07C14F-7E2D-4C0C-856C-45B2CABB2CD4}"
EndProject
Global
	GlobalSection(SolutionConfigurationPlatforms) = preSolution
		Debug|Any CPU = Debug|Any CPU
		Release|Any CPU = Release|Any CPU
	EndGlobalSection
	GlobalSection(ProjectConfigurationPlatforms) = postSolution
		{CA07C14F-7E2D-4C0C-856C-45B2CABB2CD4}.Debug|Any CPU.ActiveCfg = Debug|Any CPU
		{CA07C14F-7E2D-4C0C-856C-45B2CABB2CD4}.Debug|Any CPU.Build.0 = Debug|Any CPU
		{CA07C14F-7E2D-4C0C-856C-45B2CABB2CD4}.Release|Any CPU.ActiveCfg = Release|Any CPU
		{CA07C14F-7E2D-4C0C-856C-45B2CABB2CD4}.Release|Any CPU.Build.0 = Release|Any CPU
	EndGlobalSection
	GlobalSection(SolutionProperties) = preSolution
		HideSolutionNode = FALSE
	EndGlobalSection
	GlobalSection(ExtensibilityGlobals) = postSolution
		SolutionGuid = {7B9581C1-27F7-4A9C-A718-8A3AD38DA47E}
	EndGlobalSection
EndGlobal
