
Microsoft Visual Studio Solution File, Format Version 12.00
# Visual Studio Version 16
VisualStudioVersion = 16.0.29519.87
MinimumVisualStudioVersion = 10.0.40219.1
Project("{FAE04EC0-301F-11D3-BF4B-00C04F79EFBC}") = "ButHazirlik-SayiTahminOyunu", "ButHazirlik-SayiTahminOyunu\ButHazirlik-SayiTahminOyunu.csproj", "{B1B00A82-290A-400E-822F-88B5D7FCD5E6}"
EndProject
Global
	GlobalSection(SolutionConfigurationPlatforms) = preSolution
		Debug|Any CPU = Debug|Any CPU
		Release|Any CPU = Release|Any CPU
	EndGlobalSection
	GlobalSection(ProjectConfigurationPlatforms) = postSolution
		{B1B00A82-290A-400E-822F-88B5D7FCD5E6}.Debug|Any CPU.ActiveCfg = Debug|Any CPU
		{B1B00A82-290A-400E-822F-88B5D7FCD5E6}.Debug|Any CPU.Build.0 = Debug|Any CPU
		{B1B00A82-290A-400E-822F-88B5D7FCD5E6}.Release|Any CPU.ActiveCfg = Release|Any CPU
		{B1B00A82-290A-400E-822F-88B5D7FCD5E6}.Release|Any CPU.Build.0 = Release|Any CPU
	EndGlobalSection
	GlobalSection(SolutionProperties) = preSolution
		HideSolutionNode = FALSE
	EndGlobalSection
	GlobalSection(ExtensibilityGlobals) = postSolution
		SolutionGuid = {4C0530B8-11E0-4F33-AC0E-DF459DB2A25C}
	EndGlobalSection
EndGlobal
