
Microsoft Visual Studio Solution File, Format Version 12.00
# Visual Studio Version 16
VisualStudioVersion = 16.0.29519.87
MinimumVisualStudioVersion = 10.0.40219.1
Project("{FAE04EC0-301F-11D3-BF4B-00C04F79EFBC}") = "Grafik2", "Grafik2\Grafik2.csproj", "{65F8E97B-6778-46D2-8626-9E12364BE942}"
EndProject
Global
	GlobalSection(SolutionConfigurationPlatforms) = preSolution
		Debug|Any CPU = Debug|Any CPU
		Release|Any CPU = Release|Any CPU
	EndGlobalSection
	GlobalSection(ProjectConfigurationPlatforms) = postSolution
		{65F8E97B-6778-46D2-8626-9E12364BE942}.Debug|Any CPU.ActiveCfg = Debug|Any CPU
		{65F8E97B-6778-46D2-8626-9E12364BE942}.Debug|Any CPU.Build.0 = Debug|Any CPU
		{65F8E97B-6778-46D2-8626-9E12364BE942}.Release|Any CPU.ActiveCfg = Release|Any CPU
		{65F8E97B-6778-46D2-8626-9E12364BE942}.Release|Any CPU.Build.0 = Release|Any CPU
	EndGlobalSection
	GlobalSection(SolutionProperties) = preSolution
		HideSolutionNode = FALSE
	EndGlobalSection
	GlobalSection(ExtensibilityGlobals) = postSolution
		SolutionGuid = {390895CB-C0E4-4C76-B1AE-9F8B2D4F7935}
	EndGlobalSection
EndGlobal
